Microsoft Visual Studio Solution File, Format Version 12.00
# Visual Studio Version 17
VisualStudioVersion = 17.5.2.0
MinimumVisualStudioVersion = 10.0.40219.1
Project("{FAE04EC0-301F-11D3-BF4B-00C04F79EFBC}") = "Game Library", "Game Library.csproj", "{27C56C20-E354-847E-A426-1D6EAC1C9FBB}"
EndProject
Global
	GlobalSection(SolutionConfigurationPlatforms) = preSolution
		Debug|Any CPU = Debug|Any CPU
		Release|Any CPU = Release|Any CPU
	EndGlobalSection
	GlobalSection(ProjectConfigurationPlatforms) = postSolution
		{27C56C20-E354-847E-A426-1D6EAC1C9FBB}.Debug|Any CPU.ActiveCfg = Debug|Any CPU
		{27C56C20-E354-847E-A426-1D6EAC1C9FBB}.Debug|Any CPU.Build.0 = Debug|Any CPU
		{27C56C20-E354-847E-A426-1D6EAC1C9FBB}.Release|Any CPU.ActiveCfg = Release|Any CPU
		{27C56C20-E354-847E-A426-1D6EAC1C9FBB}.Release|Any CPU.Build.0 = Release|Any CPU
	EndGlobalSection
	GlobalSection(SolutionProperties) = preSolution
		HideSolutionNode = FALSE
	EndGlobalSection
	GlobalSection(ExtensibilityGlobals) = postSolution
		SolutionGuid = {F56D8ECA-7B33-412F-9773-5997AA07D9ED}
	EndGlobalSection
EndGlobal
